
Microsoft Visual Studio Solution File, Format Version 12.00
Project("{FAE04EC0-301F-11D3-BF4B-00C04F79EFBC}") = "clean-snippets-app", "clean-snippets-app\clean-snippets-app.csproj", "{8433675F-4F09-47F5-849D-4BA7CB808AEF}"
EndProject
Global
	GlobalSection(SolutionConfigurationPlatforms) = preSolution
		Debug|Any CPU = Debug|Any CPU
		Release|Any CPU = Release|Any CPU
	EndGlobalSection
	GlobalSection(ProjectConfigurationPlatforms) = postSolution
		{8433675F-4F09-47F5-849D-4BA7CB808AEF}.Debug|Any CPU.ActiveCfg = Debug|Any CPU
		{8433675F-4F09-47F5-849D-4BA7CB808AEF}.Debug|Any CPU.Build.0 = Debug|Any CPU
		{8433675F-4F09-47F5-849D-4BA7CB808AEF}.Release|Any CPU.ActiveCfg = Release|Any CPU
		{8433675F-4F09-47F5-849D-4BA7CB808AEF}.Release|Any CPU.Build.0 = Release|Any CPU
	EndGlobalSection
EndGlobal
